
Microsoft Visual Studio Solution File, Format Version 12.00
# Visual Studio Version 16
VisualStudioVersion = 16.0.30717.126
MinimumVisualStudioVersion = 10.0.40219.1
Project("{FAE04EC0-301F-11D3-BF4B-00C04F79EFBC}") = "Chacha20Poly1305", "Chacha20Poly1305\Chacha20Poly1305.csproj", "{5DD352C4-A3B8-44DA-A9A1-074A6C0248DD}"
EndProject
Global
	GlobalSection(SolutionConfigurationPlatforms) = preSolution
		Debug|Any CPU = Debug|Any CPU
		Release|Any CPU = Release|Any CPU
	EndGlobalSection
	GlobalSection(ProjectConfigurationPlatforms) = postSolution
		{5DD352C4-A3B8-44DA-A9A1-074A6C0248DD}.Debug|Any CPU.ActiveCfg = Debug|Any CPU
		{5DD352C4-A3B8-44DA-A9A1-074A6C0248DD}.Debug|Any CPU.Build.0 = Debug|Any CPU
		{5DD352C4-A3B8-44DA-A9A1-074A6C0248DD}.Release|Any CPU.ActiveCfg = Release|Any CPU
		{5DD352C4-A3B8-44DA-A9A1-074A6C0248DD}.Release|Any CPU.Build.0 = Release|Any CPU
	EndGlobalSection
	GlobalSection(SolutionProperties) = preSolution
		HideSolutionNode = FALSE
	EndGlobalSection
	GlobalSection(ExtensibilityGlobals) = postSolution
		SolutionGuid = {14D2226B-A243-48D1-9100-A72011B0BA81}
	EndGlobalSection
EndGlobal
