
Microsoft Visual Studio Solution File, Format Version 12.00
# Visual Studio Version 16
VisualStudioVersion = 16.0.30717.126
MinimumVisualStudioVersion = 10.0.40219.1
Project("{9A19103F-16F7-4668-BE54-9A1E7A4F7556}") = "Chacha20Poly1305", "Chacha20Poly1305\Chacha20Poly1305.csproj", "{5DD352C4-A3B8-44DA-A9A1-074A6C0248DD}"
EndProject
Project("{2150E333-8FDC-42A3-9474-1A3956D46DE8}") = "Misc", "Misc", "{78692B44-0E44-4294-9D49-BDE7F0F196D7}"
	ProjectSection(SolutionItems) = preProject
		.gitignore = .gitignore
		LICENSE = LICENSE
		README.md = README.md
	EndProjectSection
EndProject
Project("{9A19103F-16F7-4668-BE54-9A1E7A4F7556}") = "Chacha20Poly1305.Tests", "Chacha20Poly1305.Tests\Chacha20Poly1305.Tests.csproj", "{02B5524A-C954-46FA-B333-99EDB418D42A}"
EndProject
Project("{9A19103F-16F7-4668-BE54-9A1E7A4F7556}") = "Chacha20Poly1305.Benchmarks", "Chacha20Poly1305.Benchmarks\Chacha20Poly1305.Benchmarks.csproj", "{7669A326-C477-4F8D-BBE4-A8D1E423D69B}"
EndProject
Project("{9A19103F-16F7-4668-BE54-9A1E7A4F7556}") = "Chacha20Poly1305.AesGcmBenchmarks", "Chacha20Poly1305.Benchmarks.AesGcm\Chacha20Poly1305.AesGcmBenchmarks.csproj", "{4D826915-2629-4FBD-A343-96A62E9B05F6}"
EndProject
Project("{2150E333-8FDC-42A3-9474-1A3956D46DE8}") = "CI", "CI", "{CFBAD6A6-28A5-4511-86CD-8865317956EB}"
	ProjectSection(SolutionItems) = preProject
		.github\workflows\tests.yml = .github\workflows\tests.yml
	EndProjectSection
EndProject
Global
	GlobalSection(SolutionConfigurationPlatforms) = preSolution
		Debug|Any CPU = Debug|Any CPU
		Release|Any CPU = Release|Any CPU
	EndGlobalSection
	GlobalSection(ProjectConfigurationPlatforms) = postSolution
		{5DD352C4-A3B8-44DA-A9A1-074A6C0248DD}.Debug|Any CPU.ActiveCfg = Debug|Any CPU
		{5DD352C4-A3B8-44DA-A9A1-074A6C0248DD}.Debug|Any CPU.Build.0 = Debug|Any CPU
		{5DD352C4-A3B8-44DA-A9A1-074A6C0248DD}.Release|Any CPU.ActiveCfg = Release|Any CPU
		{5DD352C4-A3B8-44DA-A9A1-074A6C0248DD}.Release|Any CPU.Build.0 = Release|Any CPU
		{02B5524A-C954-46FA-B333-99EDB418D42A}.Debug|Any CPU.ActiveCfg = Debug|Any CPU
		{02B5524A-C954-46FA-B333-99EDB418D42A}.Debug|Any CPU.Build.0 = Debug|Any CPU
		{02B5524A-C954-46FA-B333-99EDB418D42A}.Release|Any CPU.ActiveCfg = Release|Any CPU
		{02B5524A-C954-46FA-B333-99EDB418D42A}.Release|Any CPU.Build.0 = Release|Any CPU
		{7669A326-C477-4F8D-BBE4-A8D1E423D69B}.Debug|Any CPU.ActiveCfg = Debug|Any CPU
		{7669A326-C477-4F8D-BBE4-A8D1E423D69B}.Debug|Any CPU.Build.0 = Debug|Any CPU
		{7669A326-C477-4F8D-BBE4-A8D1E423D69B}.Release|Any CPU.ActiveCfg = Release|Any CPU
		{7669A326-C477-4F8D-BBE4-A8D1E423D69B}.Release|Any CPU.Build.0 = Release|Any CPU
		{4D826915-2629-4FBD-A343-96A62E9B05F6}.Debug|Any CPU.ActiveCfg = Debug|Any CPU
		{4D826915-2629-4FBD-A343-96A62E9B05F6}.Debug|Any CPU.Build.0 = Debug|Any CPU
		{4D826915-2629-4FBD-A343-96A62E9B05F6}.Release|Any CPU.ActiveCfg = Release|Any CPU
		{4D826915-2629-4FBD-A343-96A62E9B05F6}.Release|Any CPU.Build.0 = Release|Any CPU
	EndGlobalSection
	GlobalSection(SolutionProperties) = preSolution
		HideSolutionNode = FALSE
	EndGlobalSection
	GlobalSection(ExtensibilityGlobals) = postSolution
		SolutionGuid = {14D2226B-A243-48D1-9100-A72011B0BA81}
	EndGlobalSection
EndGlobal
